// !$*UTF8*$!
{
	archiveVersion = 1;
	classes = {
	};
	objectVersion = 56;
	objects = {

/* Begin PBXBuildFile section */
		511E55332B05DB7C003743F5 /* Clipboard.swift in Sources */ = {isa = PBXBuildFile; fileRef = 511E55322B05DB7C003743F5 /* Clipboard.swift */; };
		512C38232AFCA51E0072D104 /* ConnectionZApp.swift in Sources */ = {isa = PBXBuildFile; fileRef = 512C38222AFCA51E0072D104 /* ConnectionZApp.swift */; };
		512C38252AFCA51E0072D104 /* ContentView.swift in Sources */ = {isa = PBXBuildFile; fileRef = 512C38242AFCA51E0072D104 /* ContentView.swift */; };
		512C38292AFCA51F0072D104 /* Assets.xcassets in Resources */ = {isa = PBXBuildFile; fileRef = 512C38282AFCA51F0072D104 /* Assets.xcassets */; };
		512C382D2AFCA51F0072D104 /* Preview Assets.xcassets in Resources */ = {isa = PBXBuildFile; fileRef = 512C382C2AFCA51F0072D104 /* Preview Assets.xcassets */; };
		5136EE692B1EEF71004BFCAC /* Color.swift in Sources */ = {isa = PBXBuildFile; fileRef = 5136EE682B1EEF71004BFCAC /* Color.swift */; };
		514644D82B8BFF1D007523B8 /* Toast.swift in Sources */ = {isa = PBXBuildFile; fileRef = 514644D72B8BFF1D007523B8 /* Toast.swift */; };
		5154EAC42AFEF65F007C24B2 /* ConnectionsApi.swift in Sources */ = {isa = PBXBuildFile; fileRef = 5154EAC32AFEF65F007C24B2 /* ConnectionsApi.swift */; };
		5154EAC62AFF089E007C24B2 /* Game.swift in Sources */ = {isa = PBXBuildFile; fileRef = 5154EAC52AFF089E007C24B2 /* Game.swift */; };
		5154EAC82AFFECAD007C24B2 /* GameView.swift in Sources */ = {isa = PBXBuildFile; fileRef = 5154EAC72AFFECAD007C24B2 /* GameView.swift */; };
		5154EACC2B00A63B007C24B2 /* DragAndDrop.swift in Sources */ = {isa = PBXBuildFile; fileRef = 5154EACB2B00A63B007C24B2 /* DragAndDrop.swift */; };
		518048E62B8BFD7C003D3117 /* Drops in Frameworks */ = {isa = PBXBuildFile; productRef = 518048E52B8BFD7C003D3117 /* Drops */; };
		51D1B2F22B0E8B4B0033BD25 /* GameData.swift in Sources */ = {isa = PBXBuildFile; fileRef = 51D1B2F12B0E8B4B0033BD25 /* GameData.swift */; };
		51D1B2F42B0E8FE00033BD25 /* Dates.swift in Sources */ = {isa = PBXBuildFile; fileRef = 51D1B2F32B0E8FE00033BD25 /* Dates.swift */; };
		51D1B2F82B0F04E40033BD25 /* GameGroupingView.swift in Sources */ = {isa = PBXBuildFile; fileRef = 51D1B2F72B0F04E40033BD25 /* GameGroupingView.swift */; };
		51E549D32BA660B300A43D10 /* ConnectionZTests.swift in Sources */ = {isa = PBXBuildFile; fileRef = 51E549D22BA660B300A43D10 /* ConnectionZTests.swift */; };
/* End PBXBuildFile section */

/* Begin PBXContainerItemProxy section */
		51E549D42BA660B300A43D10 /* PBXContainerItemProxy */ = {
			isa = PBXContainerItemProxy;
			containerPortal = 512C38172AFCA51E0072D104 /* Project object */;
			proxyType = 1;
			remoteGlobalIDString = 512C381E2AFCA51E0072D104;
			remoteInfo = ConnectionZ;
		};
/* End PBXContainerItemProxy section */

/* Begin PBXFileReference section */
		511E55322B05DB7C003743F5 /* Clipboard.swift */ = {isa = PBXFileReference; lastKnownFileType = sourcecode.swift; path = Clipboard.swift; sourceTree = "<group>"; };
		512C381F2AFCA51E0072D104 /* ConnectionZ.app */ = {isa = PBXFileReference; explicitFileType = wrapper.application; includeInIndex = 0; path = ConnectionZ.app; sourceTree = BUILT_PRODUCTS_DIR; };
		512C38222AFCA51E0072D104 /* ConnectionZApp.swift */ = {isa = PBXFileReference; lastKnownFileType = sourcecode.swift; path = ConnectionZApp.swift; sourceTree = "<group>"; };
		512C38242AFCA51E0072D104 /* ContentView.swift */ = {isa = PBXFileReference; lastKnownFileType = sourcecode.swift; path = ContentView.swift; sourceTree = "<group>"; };
		512C38282AFCA51F0072D104 /* Assets.xcassets */ = {isa = PBXFileReference; lastKnownFileType = folder.assetcatalog; path = Assets.xcassets; sourceTree = "<group>"; };
		512C382C2AFCA51F0072D104 /* Preview Assets.xcassets */ = {isa = PBXFileReference; lastKnownFileType = folder.assetcatalog; path = "Preview Assets.xcassets"; sourceTree = "<group>"; };
		512C382E2AFCA51F0072D104 /* Info.plist */ = {isa = PBXFileReference; lastKnownFileType = text.plist.xml; path = Info.plist; sourceTree = "<group>"; };
		5136EE682B1EEF71004BFCAC /* Color.swift */ = {isa = PBXFileReference; lastKnownFileType = sourcecode.swift; path = Color.swift; sourceTree = "<group>"; };
		514644D72B8BFF1D007523B8 /* Toast.swift */ = {isa = PBXFileReference; lastKnownFileType = sourcecode.swift; path = Toast.swift; sourceTree = "<group>"; };
		5154EAC32AFEF65F007C24B2 /* ConnectionsApi.swift */ = {isa = PBXFileReference; lastKnownFileType = sourcecode.swift; path = ConnectionsApi.swift; sourceTree = "<group>"; };
		5154EAC52AFF089E007C24B2 /* Game.swift */ = {isa = PBXFileReference; lastKnownFileType = sourcecode.swift; path = Game.swift; sourceTree = "<group>"; };
		5154EAC72AFFECAD007C24B2 /* GameView.swift */ = {isa = PBXFileReference; lastKnownFileType = sourcecode.swift; path = GameView.swift; sourceTree = "<group>"; };
		5154EACB2B00A63B007C24B2 /* DragAndDrop.swift */ = {isa = PBXFileReference; lastKnownFileType = sourcecode.swift; path = DragAndDrop.swift; sourceTree = "<group>"; };
		51D1B2F12B0E8B4B0033BD25 /* GameData.swift */ = {isa = PBXFileReference; lastKnownFileType = sourcecode.swift; path = GameData.swift; sourceTree = "<group>"; };
		51D1B2F32B0E8FE00033BD25 /* Dates.swift */ = {isa = PBXFileReference; lastKnownFileType = sourcecode.swift; path = Dates.swift; sourceTree = "<group>"; };
		51D1B2F72B0F04E40033BD25 /* GameGroupingView.swift */ = {isa = PBXFileReference; lastKnownFileType = sourcecode.swift; path = GameGroupingView.swift; sourceTree = "<group>"; };
		51E549D02BA660B300A43D10 /* ConnectionZTests.xctest */ = {isa = PBXFileReference; explicitFileType = wrapper.cfbundle; includeInIndex = 0; path = ConnectionZTests.xctest; sourceTree = BUILT_PRODUCTS_DIR; };
		51E549D22BA660B300A43D10 /* ConnectionZTests.swift */ = {isa = PBXFileReference; lastKnownFileType = sourcecode.swift; path = ConnectionZTests.swift; sourceTree = "<group>"; };
/* End PBXFileReference section */

/* Begin PBXFrameworksBuildPhase section */
		512C381C2AFCA51E0072D104 /* Frameworks */ = {
			isa = PBXFrameworksBuildPhase;
			buildActionMask = 2147483647;
			files = (
				518048E62B8BFD7C003D3117 /* Drops in Frameworks */,
			);
			runOnlyForDeploymentPostprocessing = 0;
		};
		51E549CD2BA660B300A43D10 /* Frameworks */ = {
			isa = PBXFrameworksBuildPhase;
			buildActionMask = 2147483647;
			files = (
			);
			runOnlyForDeploymentPostprocessing = 0;
		};
/* End PBXFrameworksBuildPhase section */

/* Begin PBXGroup section */
		512C38162AFCA51E0072D104 = {
			isa = PBXGroup;
			children = (
				512C38212AFCA51E0072D104 /* ConnectionZ */,
				51E549D12BA660B300A43D10 /* ConnectionZTests */,
				512C38202AFCA51E0072D104 /* Products */,
			);
			sourceTree = "<group>";
		};
		512C38202AFCA51E0072D104 /* Products */ = {
			isa = PBXGroup;
			children = (
				512C381F2AFCA51E0072D104 /* ConnectionZ.app */,
				51E549D02BA660B300A43D10 /* ConnectionZTests.xctest */,
			);
			name = Products;
			sourceTree = "<group>";
		};
		512C38212AFCA51E0072D104 /* ConnectionZ */ = {
			isa = PBXGroup;
			children = (
				51D1B2F12B0E8B4B0033BD25 /* GameData.swift */,
				514644D72B8BFF1D007523B8 /* Toast.swift */,
				5154EAC52AFF089E007C24B2 /* Game.swift */,
				51D1B2F32B0E8FE00033BD25 /* Dates.swift */,
				512C38242AFCA51E0072D104 /* ContentView.swift */,
				51D1B2F72B0F04E40033BD25 /* GameGroupingView.swift */,
				5154EAC72AFFECAD007C24B2 /* GameView.swift */,
				512C38222AFCA51E0072D104 /* ConnectionZApp.swift */,
				511E55322B05DB7C003743F5 /* Clipboard.swift */,
				5154EAC32AFEF65F007C24B2 /* ConnectionsApi.swift */,
				5154EACB2B00A63B007C24B2 /* DragAndDrop.swift */,
				512C38282AFCA51F0072D104 /* Assets.xcassets */,
				512C382E2AFCA51F0072D104 /* Info.plist */,
				512C382B2AFCA51F0072D104 /* Preview Content */,
				5136EE682B1EEF71004BFCAC /* Color.swift */,
			);
			path = ConnectionZ;
			sourceTree = "<group>";
		};
		512C382B2AFCA51F0072D104 /* Preview Content */ = {
			isa = PBXGroup;
			children = (
				512C382C2AFCA51F0072D104 /* Preview Assets.xcassets */,
			);
			path = "Preview Content";
			sourceTree = "<group>";
		};
		51E549D12BA660B300A43D10 /* ConnectionZTests */ = {
			isa = PBXGroup;
			children = (
				51E549D22BA660B300A43D10 /* ConnectionZTests.swift */,
			);
			path = ConnectionZTests;
			sourceTree = "<group>";
		};
/* End PBXGroup section */

/* Begin PBXNativeTarget section */
		512C381E2AFCA51E0072D104 /* ConnectionZ */ = {
			isa = PBXNativeTarget;
			buildConfigurationList = 512C38312AFCA51F0072D104 /* Build configuration list for PBXNativeTarget "ConnectionZ" */;
			buildPhases = (
				512C381B2AFCA51E0072D104 /* Sources */,
				512C381C2AFCA51E0072D104 /* Frameworks */,
				512C381D2AFCA51E0072D104 /* Resources */,
			);
			buildRules = (
			);
			dependencies = (
			);
			name = ConnectionZ;
			packageProductDependencies = (
				518048E52B8BFD7C003D3117 /* Drops */,
			);
			productName = DraggableConnections;
			productReference = 512C381F2AFCA51E0072D104 /* ConnectionZ.app */;
			productType = "com.apple.product-type.application";
		};
		51E549CF2BA660B300A43D10 /* ConnectionZTests */ = {
			isa = PBXNativeTarget;
			buildConfigurationList = 51E549D62BA660B300A43D10 /* Build configuration list for PBXNativeTarget "ConnectionZTests" */;
			buildPhases = (
				51E549CC2BA660B300A43D10 /* Sources */,
				51E549CD2BA660B300A43D10 /* Frameworks */,
				51E549CE2BA660B300A43D10 /* Resources */,
			);
			buildRules = (
			);
			dependencies = (
				51E549D52BA660B300A43D10 /* PBXTargetDependency */,
			);
			name = ConnectionZTests;
			productName = ConnectionZTests;
			productReference = 51E549D02BA660B300A43D10 /* ConnectionZTests.xctest */;
			productType = "com.apple.product-type.bundle.unit-test";
		};
/* End PBXNativeTarget section */

/* Begin PBXProject section */
		512C38172AFCA51E0072D104 /* Project object */ = {
			isa = PBXProject;
			attributes = {
				BuildIndependentTargetsInParallel = 1;
				LastSwiftUpdateCheck = 1500;
				LastUpgradeCheck = 1500;
				TargetAttributes = {
					512C381E2AFCA51E0072D104 = {
						CreatedOnToolsVersion = 15.0.1;
					};
					51E549CF2BA660B300A43D10 = {
						CreatedOnToolsVersion = 15.0.1;
						TestTargetID = 512C381E2AFCA51E0072D104;
					};
				};
			};
			buildConfigurationList = 512C381A2AFCA51E0072D104 /* Build configuration list for PBXProject "ConnectionZ" */;
			compatibilityVersion = "Xcode 14.0";
			developmentRegion = en;
			hasScannedForEncodings = 0;
			knownRegions = (
				en,
				Base,
			);
			mainGroup = 512C38162AFCA51E0072D104;
			packageReferences = (
				518048E42B8BFD7C003D3117 /* XCRemoteSwiftPackageReference "Drops" */,
			);
			productRefGroup = 512C38202AFCA51E0072D104 /* Products */;
			projectDirPath = "";
			projectRoot = "";
			targets = (
				512C381E2AFCA51E0072D104 /* ConnectionZ */,
				51E549CF2BA660B300A43D10 /* ConnectionZTests */,
			);
		};
/* End PBXProject section */

/* Begin PBXResourcesBuildPhase section */
		512C381D2AFCA51E0072D104 /* Resources */ = {
			isa = PBXResourcesBuildPhase;
			buildActionMask = 2147483647;
			files = (
				512C382D2AFCA51F0072D104 /* Preview Assets.xcassets in Resources */,
				512C38292AFCA51F0072D104 /* Assets.xcassets in Resources */,
			);
			runOnlyForDeploymentPostprocessing = 0;
		};
		51E549CE2BA660B300A43D10 /* Resources */ = {
			isa = PBXResourcesBuildPhase;
			buildActionMask = 2147483647;
			files = (
			);
			runOnlyForDeploymentPostprocessing = 0;
		};
/* End PBXResourcesBuildPhase section */

/* Begin PBXSourcesBuildPhase section */
		512C381B2AFCA51E0072D104 /* Sources */ = {
			isa = PBXSourcesBuildPhase;
			buildActionMask = 2147483647;
			files = (
				5154EACC2B00A63B007C24B2 /* DragAndDrop.swift in Sources */,
				514644D82B8BFF1D007523B8 /* Toast.swift in Sources */,
				51D1B2F82B0F04E40033BD25 /* GameGroupingView.swift in Sources */,
				51D1B2F42B0E8FE00033BD25 /* Dates.swift in Sources */,
				5154EAC42AFEF65F007C24B2 /* ConnectionsApi.swift in Sources */,
				511E55332B05DB7C003743F5 /* Clipboard.swift in Sources */,
				5136EE692B1EEF71004BFCAC /* Color.swift in Sources */,
				5154EAC62AFF089E007C24B2 /* Game.swift in Sources */,
				512C38252AFCA51E0072D104 /* ContentView.swift in Sources */,
				512C38232AFCA51E0072D104 /* ConnectionZApp.swift in Sources */,
				51D1B2F22B0E8B4B0033BD25 /* GameData.swift in Sources */,
				5154EAC82AFFECAD007C24B2 /* GameView.swift in Sources */,
			);
			runOnlyForDeploymentPostprocessing = 0;
		};
		51E549CC2BA660B300A43D10 /* Sources */ = {
			isa = PBXSourcesBuildPhase;
			buildActionMask = 2147483647;
			files = (
				51E549D32BA660B300A43D10 /* ConnectionZTests.swift in Sources */,
			);
			runOnlyForDeploymentPostprocessing = 0;
		};
/* End PBXSourcesBuildPhase section */

/* Begin PBXTargetDependency section */
		51E549D52BA660B300A43D10 /* PBXTargetDependency */ = {
			isa = PBXTargetDependency;
			target = 512C381E2AFCA51E0072D104 /* ConnectionZ */;
			targetProxy = 51E549D42BA660B300A43D10 /* PBXContainerItemProxy */;
		};
/* End PBXTargetDependency section */

/* Begin XCBuildConfiguration section */
		512C382F2AFCA51F0072D104 /* Debug */ = {
			isa = XCBuildConfiguration;
			buildSettings = {
				ALWAYS_SEARCH_USER_PATHS = NO;
				ASSETCATALOG_COMPILER_GENERATE_SWIFT_ASSET_SYMBOL_EXTENSIONS = YES;
				CLANG_ANALYZER_NONNULL = YES;
				CLANG_ANALYZER_NUMBER_OBJECT_CONVERSION = YES_AGGRESSIVE;
				CLANG_CXX_LANGUAGE_STANDARD = "gnu++20";
				CLANG_ENABLE_MODULES = YES;
				CLANG_ENABLE_OBJC_ARC = YES;
				CLANG_ENABLE_OBJC_WEAK = YES;
				CLANG_WARN_BLOCK_CAPTURE_AUTORELEASING = YES;
				CLANG_WARN_BOOL_CONVERSION = YES;
				CLANG_WARN_COMMA = YES;
				CLANG_WARN_CONSTANT_CONVERSION = YES;
				CLANG_WARN_DEPRECATED_OBJC_IMPLEMENTATIONS = YES;
				CLANG_WARN_DIRECT_OBJC_ISA_USAGE = YES_ERROR;
				CLANG_WARN_DOCUMENTATION_COMMENTS = YES;
				CLANG_WARN_EMPTY_BODY = YES;
				CLANG_WARN_ENUM_CONVERSION = YES;
				CLANG_WARN_INFINITE_RECURSION = YES;
				CLANG_WARN_INT_CONVERSION = YES;
				CLANG_WARN_NON_LITERAL_NULL_CONVERSION = YES;
				CLANG_WARN_OBJC_IMPLICIT_RETAIN_SELF = YES;
				CLANG_WARN_OBJC_LITERAL_CONVERSION = YES;
				CLANG_WARN_OBJC_ROOT_CLASS = YES_ERROR;
				CLANG_WARN_QUOTED_INCLUDE_IN_FRAMEWORK_HEADER = YES;
				CLANG_WARN_RANGE_LOOP_ANALYSIS = YES;
				CLANG_WARN_STRICT_PROTOTYPES = YES;
				CLANG_WARN_SUSPICIOUS_MOVE = YES;
				CLANG_WARN_UNGUARDED_AVAILABILITY = YES_AGGRESSIVE;
				CLANG_WARN_UNREACHABLE_CODE = YES;
				CLANG_WARN__DUPLICATE_METHOD_MATCH = YES;
				COPY_PHASE_STRIP = NO;
				DEBUG_INFORMATION_FORMAT = dwarf;
				ENABLE_STRICT_OBJC_MSGSEND = YES;
				ENABLE_TESTABILITY = YES;
				ENABLE_USER_SCRIPT_SANDBOXING = YES;
				GCC_C_LANGUAGE_STANDARD = gnu17;
				GCC_DYNAMIC_NO_PIC = NO;
				GCC_NO_COMMON_BLOCKS = YES;
				GCC_OPTIMIZATION_LEVEL = 0;
				GCC_PREPROCESSOR_DEFINITIONS = (
					"DEBUG=1",
					"$(inherited)",
				);
				GCC_WARN_64_TO_32_BIT_CONVERSION = YES;
				GCC_WARN_ABOUT_RETURN_TYPE = YES_ERROR;
				GCC_WARN_UNDECLARED_SELECTOR = YES;
				GCC_WARN_UNINITIALIZED_AUTOS = YES_AGGRESSIVE;
				GCC_WARN_UNUSED_FUNCTION = YES;
				GCC_WARN_UNUSED_VARIABLE = YES;
				LOCALIZATION_PREFERS_STRING_CATALOGS = YES;
				MTL_ENABLE_DEBUG_INFO = INCLUDE_SOURCE;
				MTL_FAST_MATH = YES;
				ONLY_ACTIVE_ARCH = YES;
				PRODUCT_NAME = ConnectionZ;
				SWIFT_ACTIVE_COMPILATION_CONDITIONS = "DEBUG $(inherited)";
				SWIFT_OPTIMIZATION_LEVEL = "-Onone";
			};
			name = Debug;
		};
		512C38302AFCA51F0072D104 /* Release */ = {
			isa = XCBuildConfiguration;
			buildSettings = {
				ALWAYS_SEARCH_USER_PATHS = NO;
				ASSETCATALOG_COMPILER_GENERATE_SWIFT_ASSET_SYMBOL_EXTENSIONS = YES;
				CLANG_ANALYZER_NONNULL = YES;
				CLANG_ANALYZER_NUMBER_OBJECT_CONVERSION = YES_AGGRESSIVE;
				CLANG_CXX_LANGUAGE_STANDARD = "gnu++20";
				CLANG_ENABLE_MODULES = YES;
				CLANG_ENABLE_OBJC_ARC = YES;
				CLANG_ENABLE_OBJC_WEAK = YES;
				CLANG_WARN_BLOCK_CAPTURE_AUTORELEASING = YES;
				CLANG_WARN_BOOL_CONVERSION = YES;
				CLANG_WARN_COMMA = YES;
				CLANG_WARN_CONSTANT_CONVERSION = YES;
				CLANG_WARN_DEPRECATED_OBJC_IMPLEMENTATIONS = YES;
				CLANG_WARN_DIRECT_OBJC_ISA_USAGE = YES_ERROR;
				CLANG_WARN_DOCUMENTATION_COMMENTS = YES;
				CLANG_WARN_EMPTY_BODY = YES;
				CLANG_WARN_ENUM_CONVERSION = YES;
				CLANG_WARN_INFINITE_RECURSION = YES;
				CLANG_WARN_INT_CONVERSION = YES;
				CLANG_WARN_NON_LITERAL_NULL_CONVERSION = YES;
				CLANG_WARN_OBJC_IMPLICIT_RETAIN_SELF = YES;
				CLANG_WARN_OBJC_LITERAL_CONVERSION = YES;
				CLANG_WARN_OBJC_ROOT_CLASS = YES_ERROR;
				CLANG_WARN_QUOTED_INCLUDE_IN_FRAMEWORK_HEADER = YES;
				CLANG_WARN_RANGE_LOOP_ANALYSIS = YES;
				CLANG_WARN_STRICT_PROTOTYPES = YES;
				CLANG_WARN_SUSPICIOUS_MOVE = YES;
				CLANG_WARN_UNGUARDED_AVAILABILITY = YES_AGGRESSIVE;
				CLANG_WARN_UNREACHABLE_CODE = YES;
				CLANG_WARN__DUPLICATE_METHOD_MATCH = YES;
				COPY_PHASE_STRIP = NO;
				DEBUG_INFORMATION_FORMAT = "dwarf-with-dsym";
				ENABLE_NS_ASSERTIONS = NO;
				ENABLE_STRICT_OBJC_MSGSEND = YES;
				ENABLE_USER_SCRIPT_SANDBOXING = YES;
				GCC_C_LANGUAGE_STANDARD = gnu17;
				GCC_NO_COMMON_BLOCKS = YES;
				GCC_WARN_64_TO_32_BIT_CONVERSION = YES;
				GCC_WARN_ABOUT_RETURN_TYPE = YES_ERROR;
				GCC_WARN_UNDECLARED_SELECTOR = YES;
				GCC_WARN_UNINITIALIZED_AUTOS = YES_AGGRESSIVE;
				GCC_WARN_UNUSED_FUNCTION = YES;
				GCC_WARN_UNUSED_VARIABLE = YES;
				LOCALIZATION_PREFERS_STRING_CATALOGS = YES;
				MTL_ENABLE_DEBUG_INFO = NO;
				MTL_FAST_MATH = YES;
				PRODUCT_NAME = ConnectionZ;
				SWIFT_COMPILATION_MODE = wholemodule;
			};
			name = Release;
		};
		512C38322AFCA51F0072D104 /* Debug */ = {
			isa = XCBuildConfiguration;
			buildSettings = {
				ASSETCATALOG_COMPILER_APPICON_NAME = AppIcon;
				ASSETCATALOG_COMPILER_GLOBAL_ACCENT_COLOR_NAME = AccentColor;
				CODE_SIGN_ENTITLEMENTS = ConnectionZ/ConnectionZ.entitlements;
				CODE_SIGN_IDENTITY = "Apple Development";
				CODE_SIGN_STYLE = Automatic;
				CURRENT_PROJECT_VERSION = 1;
				DEVELOPMENT_ASSET_PATHS = "\"ConnectionZ/Preview Content\"";
				DEVELOPMENT_TEAM = AFD89X85F4;
				ENABLE_HARDENED_RUNTIME = NO;
				ENABLE_PREVIEWS = YES;
				GENERATE_INFOPLIST_FILE = YES;
				INFOPLIST_FILE = ConnectionZ/Info.plist;
				"INFOPLIST_KEY_UIApplicationSceneManifest_Generation[sdk=iphoneos*]" = YES;
				"INFOPLIST_KEY_UIApplicationSceneManifest_Generation[sdk=iphonesimulator*]" = YES;
				"INFOPLIST_KEY_UIApplicationSupportsIndirectInputEvents[sdk=iphoneos*]" = YES;
				"INFOPLIST_KEY_UIApplicationSupportsIndirectInputEvents[sdk=iphonesimulator*]" = YES;
				"INFOPLIST_KEY_UILaunchScreen_Generation[sdk=iphoneos*]" = YES;
				"INFOPLIST_KEY_UILaunchScreen_Generation[sdk=iphonesimulator*]" = YES;
				"INFOPLIST_KEY_UIStatusBarStyle[sdk=iphoneos*]" = UIStatusBarStyleDefault;
				"INFOPLIST_KEY_UIStatusBarStyle[sdk=iphonesimulator*]" = UIStatusBarStyleDefault;
				INFOPLIST_KEY_UISupportedInterfaceOrientations = UIInterfaceOrientationPortrait;
				INFOPLIST_KEY_UISupportedInterfaceOrientations_iPad = "UIInterfaceOrientationLandscapeLeft UIInterfaceOrientationLandscapeRight UIInterfaceOrientationPortrait UIInterfaceOrientationPortraitUpsideDown";
				IPHONEOS_DEPLOYMENT_TARGET = 17.0;
				LD_RUNPATH_SEARCH_PATHS = "@executable_path/Frameworks";
				"LD_RUNPATH_SEARCH_PATHS[sdk=macosx*]" = "@executable_path/../Frameworks";
				MACOSX_DEPLOYMENT_TARGET = 14.0;
				MARKETING_VERSION = 1.0;
				PRODUCT_BUNDLE_IDENTIFIER = com.bebopbeluga.ConnectionZ;
				PRODUCT_NAME = "$(TARGET_NAME)";
				PROVISIONING_PROFILE_SPECIFIER = "";
				SDKROOT = auto;
				SUPPORTED_PLATFORMS = "iphoneos iphonesimulator macosx";
				SWIFT_EMIT_LOC_STRINGS = YES;
				SWIFT_VERSION = 5.0;
				TARGETED_DEVICE_FAMILY = "1,2";
			};
			name = Debug;
		};
		512C38332AFCA51F0072D104 /* Release */ = {
			isa = XCBuildConfiguration;
			buildSettings = {
				ASSETCATALOG_COMPILER_APPICON_NAME = AppIcon;
				ASSETCATALOG_COMPILER_GLOBAL_ACCENT_COLOR_NAME = AccentColor;
				CODE_SIGN_ENTITLEMENTS = ConnectionZ/ConnectionZ.entitlements;
				CODE_SIGN_IDENTITY = "Apple Development";
				CODE_SIGN_STYLE = Automatic;
				CURRENT_PROJECT_VERSION = 1;
				DEVELOPMENT_ASSET_PATHS = "\"ConnectionZ/Preview Content\"";
				DEVELOPMENT_TEAM = AFD89X85F4;
				ENABLE_HARDENED_RUNTIME = NO;
				ENABLE_PREVIEWS = YES;
				GENERATE_INFOPLIST_FILE = YES;
				INFOPLIST_FILE = ConnectionZ/Info.plist;
				"INFOPLIST_KEY_UIApplicationSceneManifest_Generation[sdk=iphoneos*]" = YES;
				"INFOPLIST_KEY_UIApplicationSceneManifest_Generation[sdk=iphonesimulator*]" = YES;
				"INFOPLIST_KEY_UIApplicationSupportsIndirectInputEvents[sdk=iphoneos*]" = YES;
				"INFOPLIST_KEY_UIApplicationSupportsIndirectInputEvents[sdk=iphonesimulator*]" = YES;
				"INFOPLIST_KEY_UILaunchScreen_Generation[sdk=iphoneos*]" = YES;
				"INFOPLIST_KEY_UILaunchScreen_Generation[sdk=iphonesimulator*]" = YES;
				"INFOPLIST_KEY_UIStatusBarStyle[sdk=iphoneos*]" = UIStatusBarStyleDefault;
				"INFOPLIST_KEY_UIStatusBarStyle[sdk=iphonesimulator*]" = UIStatusBarStyleDefault;
				INFOPLIST_KEY_UISupportedInterfaceOrientations = UIInterfaceOrientationPortrait;
				INFOPLIST_KEY_UISupportedInterfaceOrientations_iPad = "UIInterfaceOrientationLandscapeLeft UIInterfaceOrientationLandscapeRight UIInterfaceOrientationPortrait UIInterfaceOrientationPortraitUpsideDown";
				IPHONEOS_DEPLOYMENT_TARGET = 17.0;
				LD_RUNPATH_SEARCH_PATHS = "@executable_path/Frameworks";
				"LD_RUNPATH_SEARCH_PATHS[sdk=macosx*]" = "@executable_path/../Frameworks";
				MACOSX_DEPLOYMENT_TARGET = 14.0;
				MARKETING_VERSION = 1.0;
				PRODUCT_BUNDLE_IDENTIFIER = com.bebopbeluga.ConnectionZ;
				PRODUCT_NAME = "$(TARGET_NAME)";
				PROVISIONING_PROFILE_SPECIFIER = "";
				SDKROOT = auto;
				SUPPORTED_PLATFORMS = "iphoneos iphonesimulator macosx";
				SWIFT_EMIT_LOC_STRINGS = YES;
				SWIFT_VERSION = 5.0;
				TARGETED_DEVICE_FAMILY = "1,2";
			};
			name = Release;
		};
		51E549D72BA660B300A43D10 /* Debug */ = {
			isa = XCBuildConfiguration;
			buildSettings = {
				BUNDLE_LOADER = "$(TEST_HOST)";
				CODE_SIGN_STYLE = Automatic;
				CURRENT_PROJECT_VERSION = 1;
				DEVELOPMENT_TEAM = AFD89X85F4;
				GENERATE_INFOPLIST_FILE = YES;
				MACOSX_DEPLOYMENT_TARGET = 14.0;
				MARKETING_VERSION = 1.0;
				PRODUCT_BUNDLE_IDENTIFIER = com.bebopbeluga.ConnectionZTests;
				PRODUCT_NAME = "$(TARGET_NAME)";
				SDKROOT = macosx;
				SWIFT_EMIT_LOC_STRINGS = NO;
				SWIFT_VERSION = 5.0;
				TEST_HOST = "$(BUILT_PRODUCTS_DIR)/ConnectionZ.app/$(BUNDLE_EXECUTABLE_FOLDER_PATH)/ConnectionZ";
			};
			name = Debug;
		};
		51E549D82BA660B300A43D10 /* Release */ = {
			isa = XCBuildConfiguration;
			buildSettings = {
				BUNDLE_LOADER = "$(TEST_HOST)";
				CODE_SIGN_STYLE = Automatic;
				CURRENT_PROJECT_VERSION = 1;
				DEVELOPMENT_TEAM = AFD89X85F4;
				GENERATE_INFOPLIST_FILE = YES;
				MACOSX_DEPLOYMENT_TARGET = 14.0;
				MARKETING_VERSION = 1.0;
				PRODUCT_BUNDLE_IDENTIFIER = com.bebopbeluga.ConnectionZTests;
				PRODUCT_NAME = "$(TARGET_NAME)";
				SDKROOT = macosx;
				SWIFT_EMIT_LOC_STRINGS = NO;
				SWIFT_VERSION = 5.0;
				TEST_HOST = "$(BUILT_PRODUCTS_DIR)/ConnectionZ.app/$(BUNDLE_EXECUTABLE_FOLDER_PATH)/ConnectionZ";
			};
			name = Release;
		};
/* End XCBuildConfiguration section */

/* Begin XCConfigurationList section */
		512C381A2AFCA51E0072D104 /* Build configuration list for PBXProject "ConnectionZ" */ = {
			isa = XCConfigurationList;
			buildConfigurations = (
				512C382F2AFCA51F0072D104 /* Debug */,
				512C38302AFCA51F0072D104 /* Release */,
			);
			defaultConfigurationIsVisible = 0;
			defaultConfigurationName = Release;
		};
		512C38312AFCA51F0072D104 /* Build configuration list for PBXNativeTarget "ConnectionZ" */ = {
			isa = XCConfigurationList;
			buildConfigurations = (
				512C38322AFCA51F0072D104 /* Debug */,
				512C38332AFCA51F0072D104 /* Release */,
			);
			defaultConfigurationIsVisible = 0;
			defaultConfigurationName = Release;
		};
		51E549D62BA660B300A43D10 /* Build configuration list for PBXNativeTarget "ConnectionZTests" */ = {
			isa = XCConfigurationList;
			buildConfigurations = (
				51E549D72BA660B300A43D10 /* Debug */,
				51E549D82BA660B300A43D10 /* Release */,
			);
			defaultConfigurationIsVisible = 0;
			defaultConfigurationName = Release;
		};
/* End XCConfigurationList section */

/* Begin XCRemoteSwiftPackageReference section */
		518048E42B8BFD7C003D3117 /* XCRemoteSwiftPackageReference "Drops" */ = {
			isa = XCRemoteSwiftPackageReference;
			repositoryURL = "https://github.com/omaralbeik/Drops.git";
			requirement = {
				kind = upToNextMajorVersion;
				minimumVersion = 1.7.0;
			};
		};
/* End XCRemoteSwiftPackageReference section */

/* Begin XCSwiftPackageProductDependency section */
		518048E52B8BFD7C003D3117 /* Drops */ = {
			isa = XCSwiftPackageProductDependency;
			package = 518048E42B8BFD7C003D3117 /* XCRemoteSwiftPackageReference "Drops" */;
			productName = Drops;
		};
/* End XCSwiftPackageProductDependency section */
	};
	rootObject = 512C38172AFCA51E0072D104 /* Project object */;
}
